uuid: 7b71645e-4e0c-4b39-aa95-3ce11c68b563
langcode: en
status: true
dependencies:
  module:
    - ctools
    - moduloapi
  theme:
    - bartik
id: helloblock
theme: bartik
region: sidebar_first
weight: -9
provider: null
plugin: moduloapi
settings:
  id: moduloapi
  label: 'Hello block'
  provider: moduloapi
  label_display: visible
visibility:
  'entity_bundle:node':
    id: 'entity_bundle:node'
    bundles:
      post: post
    negate: false
    context_mapping:
      node: '@node.node_route_context:node'
